
Microsoft Visual Studio Solution File, Format Version 12.00
# Visual Studio Version 17
VisualStudioVersion = 17.12.35521.163
MinimumVisualStudioVersion = 10.0.40219.1
Project("{FAE04EC0-301F-11D3-BF4B-00C04F79EFBC}") = "MarCorp.DemoBack.Support.Common", "MarCorp.DemoBack.Support.Common\MarCorp.DemoBack.Support.Common.csproj", "{8D91E2AA-972E-407D-9636-55BB9D675D41}"
EndProject
Project("{2150E333-8FDC-42A3-9474-1A3956D46DE8}") = "Support", "Support", "{830CD5FC-D05C-4BCC-B7B8-A7473D89ADE3}"
EndProject
Project("{2150E333-8FDC-42A3-9474-1A3956D46DE8}") = "Services", "Services", "{078382EF-DAE6-41E9-AAE8-87D2DE906291}"
EndProject
Project("{2150E333-8FDC-42A3-9474-1A3956D46DE8}") = "Data", "Data", "{DA534132-6ED8-49BE-8E19-49615A7078C5}"
EndProject
Project("{2150E333-8FDC-42A3-9474-1A3956D46DE8}") = "Domain", "Domain", "{6392DA51-052D-40A7-BFFA-22CC4380B319}"
EndProject
Project("{2150E333-8FDC-42A3-9474-1A3956D46DE8}") = "Application", "Application", "{466D27A6-7292-4D62-AD71-84D14153E1F7}"
EndProject
Project("{FAE04EC0-301F-11D3-BF4B-00C04F79EFBC}") = "MarCorp.DemoBack.Data.Connections", "MarCorp.DemoBack.Data.Connections\MarCorp.DemoBack.Data.Connections.csproj", "{412BAE3D-F127-41B5-ADFE-930ACD2303AA}"
EndProject
Project("{FAE04EC0-301F-11D3-BF4B-00C04F79EFBC}") = "MarCorp.DemoBack.Domain.Models", "MarCorp.DemoBack.Domain.Models\MarCorp.DemoBack.Domain.Models.csproj", "{DA24561C-CADA-4342-BF11-4EAC3203B5A8}"
EndProject
Project("{FAE04EC0-301F-11D3-BF4B-00C04F79EFBC}") = "MarCorp.DemoBack.Data.Interface", "MarCorp.DemoBack.Data.Interface\MarCorp.DemoBack.Data.Interface.csproj", "{D42F8663-26BE-41C6-8E8E-69F3BE556FC8}"
EndProject
Project("{FAE04EC0-301F-11D3-BF4B-00C04F79EFBC}") = "MarCorp.DemoBack.Data.Repository", "MarCorp.DemoBack.Data.Repository\MarCorp.DemoBack.Data.Repository.csproj", "{A5CA24AC-3C5A-4DD3-AAAA-5467C8B9FBA2}"
EndProject
Project("{FAE04EC0-301F-11D3-BF4B-00C04F79EFBC}") = "MarCorp.DemoBack.Domain.Interface", "MarCorp.DemoBack.Domain.Interface\MarCorp.DemoBack.Domain.Interface.csproj", "{A11BD6A7-DEC3-461F-9FB4-83BBA066D03B}"
EndProject
Project("{FAE04EC0-301F-11D3-BF4B-00C04F79EFBC}") = "MarCorp.DemoBack.Domain.Core", "MarCorp.DemoBack.Domain.Core\MarCorp.DemoBack.Domain.Core.csproj", "{BB2DE443-EE80-4779-8F29-F8563A16B9BF}"
EndProject
Project("{FAE04EC0-301F-11D3-BF4B-00C04F79EFBC}") = "MarCorp.DemoBack.Application.DTO", "MarCorp.DemoBack.Aplication.DTO\MarCorp.DemoBack.Application.DTO.csproj", "{FA52F847-0192-4CE8-A819-38DBA846C10B}"
EndProject
Project("{FAE04EC0-301F-11D3-BF4B-00C04F79EFBC}") = "MarCorp.DemoBack.Support.Mapper", "MarCorp.DemoBack.Support.Mapper\MarCorp.DemoBack.Support.Mapper.csproj", "{7C76FC38-17DF-4826-82A5-C77EB7CF1429}"
EndProject
Project("{FAE04EC0-301F-11D3-BF4B-00C04F79EFBC}") = "MarCorp.DemoBack.Application.Interface", "MarCorp.DemoBack.Aplication.Interface\MarCorp.DemoBack.Application.Interface.csproj", "{743D8FAE-0C6C-4081-9D33-4AE6F6142B52}"
EndProject
Project("{FAE04EC0-301F-11D3-BF4B-00C04F79EFBC}") = "MarCorp.DemoBack.Application.Main", "MarCorp.DemoBack.Aplication.Main\MarCorp.DemoBack.Application.Main.csproj", "{4F9A05DB-D749-4C46-89CC-7C71CA7B460B}"
EndProject
Project("{FAE04EC0-301F-11D3-BF4B-00C04F79EFBC}") = "MarCorp.DemoBack.Services.WebApi", "MarCorp.DemoBack.Services.WebApi\MarCorp.DemoBack.Services.WebApi.csproj", "{3262AFF5-B520-4FA3-8274-9FCC2739253B}"
EndProject
Project("{FAE04EC0-301F-11D3-BF4B-00C04F79EFBC}") = "MarCorp.DemoBack.Application.Validator", "MarCorp.DemoBack.Application.Validator\MarCorp.DemoBack.Application.Validator.csproj", "{F4701DAB-44AB-4E03-AF02-8B5EDA30EF01}"
EndProject
Project("{2150E333-8FDC-42A3-9474-1A3956D46DE8}") = "Prueba", "Prueba", "{B34594AB-21B6-4929-A3A2-2F5E20B28CF6}"
EndProject
Project("{FAE04EC0-301F-11D3-BF4B-00C04F79EFBC}") = "MarCorp.DemoBack.Application.Test", "MarCorp.DemoBack.Application.Test\MarCorp.DemoBack.Application.Test.csproj", "{23152119-D77A-42AF-8611-0CABDF033F66}"
EndProject
Project("{FAE04EC0-301F-11D3-BF4B-00C04F79EFBC}") = "MarCorp.DemoBack.Support.Logging", "MarCorp.DemoBack.Support.Logging\MarCorp.DemoBack.Support.Logging.csproj", "{0DC08837-82EE-4A84-A9FA-69C43C735501}"
EndProject
Global
	GlobalSection(SolutionConfigurationPlatforms) = preSolution
		Debug|Any CPU = Debug|Any CPU
		Release|Any CPU = Release|Any CPU
	EndGlobalSection
	GlobalSection(ProjectConfigurationPlatforms) = postSolution
		{8D91E2AA-972E-407D-9636-55BB9D675D41}.Debug|Any CPU.ActiveCfg = Debug|Any CPU
		{8D91E2AA-972E-407D-9636-55BB9D675D41}.Debug|Any CPU.Build.0 = Debug|Any CPU
		{8D91E2AA-972E-407D-9636-55BB9D675D41}.Release|Any CPU.ActiveCfg = Release|Any CPU
		{8D91E2AA-972E-407D-9636-55BB9D675D41}.Release|Any CPU.Build.0 = Release|Any CPU
		{412BAE3D-F127-41B5-ADFE-930ACD2303AA}.Debug|Any CPU.ActiveCfg = Debug|Any CPU
		{412BAE3D-F127-41B5-ADFE-930ACD2303AA}.Debug|Any CPU.Build.0 = Debug|Any CPU
		{412BAE3D-F127-41B5-ADFE-930ACD2303AA}.Release|Any CPU.ActiveCfg = Release|Any CPU
		{412BAE3D-F127-41B5-ADFE-930ACD2303AA}.Release|Any CPU.Build.0 = Release|Any CPU
		{DA24561C-CADA-4342-BF11-4EAC3203B5A8}.Debug|Any CPU.ActiveCfg = Debug|Any CPU
		{DA24561C-CADA-4342-BF11-4EAC3203B5A8}.Debug|Any CPU.Build.0 = Debug|Any CPU
		{DA24561C-CADA-4342-BF11-4EAC3203B5A8}.Release|Any CPU.ActiveCfg = Release|Any CPU
		{DA24561C-CADA-4342-BF11-4EAC3203B5A8}.Release|Any CPU.Build.0 = Release|Any CPU
		{D42F8663-26BE-41C6-8E8E-69F3BE556FC8}.Debug|Any CPU.ActiveCfg = Debug|Any CPU
		{D42F8663-26BE-41C6-8E8E-69F3BE556FC8}.Debug|Any CPU.Build.0 = Debug|Any CPU
		{D42F8663-26BE-41C6-8E8E-69F3BE556FC8}.Release|Any CPU.ActiveCfg = Release|Any CPU
		{D42F8663-26BE-41C6-8E8E-69F3BE556FC8}.Release|Any CPU.Build.0 = Release|Any CPU
		{A5CA24AC-3C5A-4DD3-AAAA-5467C8B9FBA2}.Debug|Any CPU.ActiveCfg = Debug|Any CPU
		{A5CA24AC-3C5A-4DD3-AAAA-5467C8B9FBA2}.Debug|Any CPU.Build.0 = Debug|Any CPU
		{A5CA24AC-3C5A-4DD3-AAAA-5467C8B9FBA2}.Release|Any CPU.ActiveCfg = Release|Any CPU
		{A5CA24AC-3C5A-4DD3-AAAA-5467C8B9FBA2}.Release|Any CPU.Build.0 = Release|Any CPU
		{A11BD6A7-DEC3-461F-9FB4-83BBA066D03B}.Debug|Any CPU.ActiveCfg = Debug|Any CPU
		{A11BD6A7-DEC3-461F-9FB4-83BBA066D03B}.Debug|Any CPU.Build.0 = Debug|Any CPU
		{A11BD6A7-DEC3-461F-9FB4-83BBA066D03B}.Release|Any CPU.ActiveCfg = Release|Any CPU
		{A11BD6A7-DEC3-461F-9FB4-83BBA066D03B}.Release|Any CPU.Build.0 = Release|Any CPU
		{BB2DE443-EE80-4779-8F29-F8563A16B9BF}.Debug|Any CPU.ActiveCfg = Debug|Any CPU
		{BB2DE443-EE80-4779-8F29-F8563A16B9BF}.Debug|Any CPU.Build.0 = Debug|Any CPU
		{BB2DE443-EE80-4779-8F29-F8563A16B9BF}.Release|Any CPU.ActiveCfg = Release|Any CPU
		{BB2DE443-EE80-4779-8F29-F8563A16B9BF}.Release|Any CPU.Build.0 = Release|Any CPU
		{FA52F847-0192-4CE8-A819-38DBA846C10B}.Debug|Any CPU.ActiveCfg = Debug|Any CPU
		{FA52F847-0192-4CE8-A819-38DBA846C10B}.Debug|Any CPU.Build.0 = Debug|Any CPU
		{FA52F847-0192-4CE8-A819-38DBA846C10B}.Release|Any CPU.ActiveCfg = Release|Any CPU
		{FA52F847-0192-4CE8-A819-38DBA846C10B}.Release|Any CPU.Build.0 = Release|Any CPU
		{7C76FC38-17DF-4826-82A5-C77EB7CF1429}.Debug|Any CPU.ActiveCfg = Debug|Any CPU
		{7C76FC38-17DF-4826-82A5-C77EB7CF1429}.Debug|Any CPU.Build.0 = Debug|Any CPU
		{7C76FC38-17DF-4826-82A5-C77EB7CF1429}.Release|Any CPU.ActiveCfg = Release|Any CPU
		{7C76FC38-17DF-4826-82A5-C77EB7CF1429}.Release|Any CPU.Build.0 = Release|Any CPU
		{743D8FAE-0C6C-4081-9D33-4AE6F6142B52}.Debug|Any CPU.ActiveCfg = Debug|Any CPU
		{743D8FAE-0C6C-4081-9D33-4AE6F6142B52}.Debug|Any CPU.Build.0 = Debug|Any CPU
		{743D8FAE-0C6C-4081-9D33-4AE6F6142B52}.Release|Any CPU.ActiveCfg = Release|Any CPU
		{743D8FAE-0C6C-4081-9D33-4AE6F6142B52}.Release|Any CPU.Build.0 = Release|Any CPU
		{4F9A05DB-D749-4C46-89CC-7C71CA7B460B}.Debug|Any CPU.ActiveCfg = Debug|Any CPU
		{4F9A05DB-D749-4C46-89CC-7C71CA7B460B}.Debug|Any CPU.Build.0 = Debug|Any CPU
		{4F9A05DB-D749-4C46-89CC-7C71CA7B460B}.Release|Any CPU.ActiveCfg = Release|Any CPU
		{4F9A05DB-D749-4C46-89CC-7C71CA7B460B}.Release|Any CPU.Build.0 = Release|Any CPU
		{3262AFF5-B520-4FA3-8274-9FCC2739253B}.Debug|Any CPU.ActiveCfg = Debug|Any CPU
		{3262AFF5-B520-4FA3-8274-9FCC2739253B}.Debug|Any CPU.Build.0 = Debug|Any CPU
		{3262AFF5-B520-4FA3-8274-9FCC2739253B}.Release|Any CPU.ActiveCfg = Release|Any CPU
		{3262AFF5-B520-4FA3-8274-9FCC2739253B}.Release|Any CPU.Build.0 = Release|Any CPU
		{F4701DAB-44AB-4E03-AF02-8B5EDA30EF01}.Debug|Any CPU.ActiveCfg = Debug|Any CPU
		{F4701DAB-44AB-4E03-AF02-8B5EDA30EF01}.Debug|Any CPU.Build.0 = Debug|Any CPU
		{F4701DAB-44AB-4E03-AF02-8B5EDA30EF01}.Release|Any CPU.ActiveCfg = Release|Any CPU
		{F4701DAB-44AB-4E03-AF02-8B5EDA30EF01}.Release|Any CPU.Build.0 = Release|Any CPU
		{23152119-D77A-42AF-8611-0CABDF033F66}.Debug|Any CPU.ActiveCfg = Debug|Any CPU
		{23152119-D77A-42AF-8611-0CABDF033F66}.Debug|Any CPU.Build.0 = Debug|Any CPU
		{23152119-D77A-42AF-8611-0CABDF033F66}.Release|Any CPU.ActiveCfg = Release|Any CPU
		{23152119-D77A-42AF-8611-0CABDF033F66}.Release|Any CPU.Build.0 = Release|Any CPU
		{0DC08837-82EE-4A84-A9FA-69C43C735501}.Debug|Any CPU.ActiveCfg = Debug|Any CPU
		{0DC08837-82EE-4A84-A9FA-69C43C735501}.Debug|Any CPU.Build.0 = Debug|Any CPU
		{0DC08837-82EE-4A84-A9FA-69C43C735501}.Release|Any CPU.ActiveCfg = Release|Any CPU
		{0DC08837-82EE-4A84-A9FA-69C43C735501}.Release|Any CPU.Build.0 = Release|Any CPU
	EndGlobalSection
	GlobalSection(SolutionProperties) = preSolution
		HideSolutionNode = FALSE
	EndGlobalSection
	GlobalSection(NestedProjects) = preSolution
		{8D91E2AA-972E-407D-9636-55BB9D675D41} = {830CD5FC-D05C-4BCC-B7B8-A7473D89ADE3}
		{412BAE3D-F127-41B5-ADFE-930ACD2303AA} = {DA534132-6ED8-49BE-8E19-49615A7078C5}
		{DA24561C-CADA-4342-BF11-4EAC3203B5A8} = {6392DA51-052D-40A7-BFFA-22CC4380B319}
		{D42F8663-26BE-41C6-8E8E-69F3BE556FC8} = {DA534132-6ED8-49BE-8E19-49615A7078C5}
		{A5CA24AC-3C5A-4DD3-AAAA-5467C8B9FBA2} = {DA534132-6ED8-49BE-8E19-49615A7078C5}
		{A11BD6A7-DEC3-461F-9FB4-83BBA066D03B} = {6392DA51-052D-40A7-BFFA-22CC4380B319}
		{BB2DE443-EE80-4779-8F29-F8563A16B9BF} = {6392DA51-052D-40A7-BFFA-22CC4380B319}
		{FA52F847-0192-4CE8-A819-38DBA846C10B} = {466D27A6-7292-4D62-AD71-84D14153E1F7}
		{7C76FC38-17DF-4826-82A5-C77EB7CF1429} = {830CD5FC-D05C-4BCC-B7B8-A7473D89ADE3}
		{743D8FAE-0C6C-4081-9D33-4AE6F6142B52} = {466D27A6-7292-4D62-AD71-84D14153E1F7}
		{4F9A05DB-D749-4C46-89CC-7C71CA7B460B} = {466D27A6-7292-4D62-AD71-84D14153E1F7}
		{3262AFF5-B520-4FA3-8274-9FCC2739253B} = {078382EF-DAE6-41E9-AAE8-87D2DE906291}
		{F4701DAB-44AB-4E03-AF02-8B5EDA30EF01} = {466D27A6-7292-4D62-AD71-84D14153E1F7}
		{23152119-D77A-42AF-8611-0CABDF033F66} = {B34594AB-21B6-4929-A3A2-2F5E20B28CF6}
		{0DC08837-82EE-4A84-A9FA-69C43C735501} = {830CD5FC-D05C-4BCC-B7B8-A7473D89ADE3}
	EndGlobalSection
	GlobalSection(ExtensibilityGlobals) = postSolution
		SolutionGuid = {3B97BB58-EF87-4EEE-88FD-8A96284D1F2A}
	EndGlobalSection
EndGlobal
